
Microsoft Visual Studio Solution File, Format Version 12.00
# Visual Studio 15
Project("{FAE04EC0-301F-11D3-BF4B-00C04F79EFBC}") = "Assembly-CSharp", "Assembly-CSharp.csproj", "{AEED838A-02B4-C34A-DBD7-5AADE06F236B}"
EndProject
Project("{FAE04EC0-301F-11D3-BF4B-00C04F79EFBC}") = "Assembly-CSharp-Editor", "Assembly-CSharp-Editor.csproj", "{23A31962-69F8-15C9-84EF-7D3BA2C16D3C}"
EndProject
Global
	GlobalSection(SolutionConfigurationPlatforms) = preSolution
		Debug|Any CPU = Debug|Any CPU
		Release|Any CPU = Release|Any CPU
	EndGlobalSection
	GlobalSection(ProjectConfigurationPlatforms) = postSolution
		{AEED838A-02B4-C34A-DBD7-5AADE06F236B}.Debug|Any CPU.ActiveCfg = Debug|Any CPU
		{AEED838A-02B4-C34A-DBD7-5AADE06F236B}.Debug|Any CPU.Build.0 = Debug|Any CPU
		{AEED838A-02B4-C34A-DBD7-5AADE06F236B}.Release|Any CPU.ActiveCfg = Release|Any CPU
		{AEED838A-02B4-C34A-DBD7-5AADE06F236B}.Release|Any CPU.Build.0 = Release|Any CPU
		{23A31962-69F8-15C9-84EF-7D3BA2C16D3C}.Debug|Any CPU.ActiveCfg = Debug|Any CPU
		{23A31962-69F8-15C9-84EF-7D3BA2C16D3C}.Debug|Any CPU.Build.0 = Debug|Any CPU
		{23A31962-69F8-15C9-84EF-7D3BA2C16D3C}.Release|Any CPU.ActiveCfg = Release|Any CPU
		{23A31962-69F8-15C9-84EF-7D3BA2C16D3C}.Release|Any CPU.Build.0 = Release|Any CPU
	EndGlobalSection
	GlobalSection(SolutionProperties) = preSolution
		HideSolutionNode = FALSE
	EndGlobalSection
EndGlobal
